
Microsoft Visual Studio Solution File, Format Version 12.00
# Visual Studio Version 16
VisualStudioVersion = 16.0.30320.27
MinimumVisualStudioVersion = 10.0.40219.1
Project("{FAE04EC0-301F-11D3-BF4B-00C04F79EFBC}") = "BibleVerseApplication", "BibleVerseApplication.csproj", "{8DE3166B-517E-423E-B381-3881324B7E54}"
EndProject
Global
	GlobalSection(SolutionConfigurationPlatforms) = preSolution
		Debug|Any CPU = Debug|Any CPU
		Release|Any CPU = Release|Any CPU
	EndGlobalSection
	GlobalSection(ProjectConfigurationPlatforms) = postSolution
		{8DE3166B-517E-423E-B381-3881324B7E54}.Debug|Any CPU.ActiveCfg = Debug|Any CPU
		{8DE3166B-517E-423E-B381-3881324B7E54}.Debug|Any CPU.Build.0 = Debug|Any CPU
		{8DE3166B-517E-423E-B381-3881324B7E54}.Release|Any CPU.ActiveCfg = Release|Any CPU
		{8DE3166B-517E-423E-B381-3881324B7E54}.Release|Any CPU.Build.0 = Release|Any CPU
	EndGlobalSection
	GlobalSection(SolutionProperties) = preSolution
		HideSolutionNode = FALSE
	EndGlobalSection
	GlobalSection(ExtensibilityGlobals) = postSolution
		SolutionGuid = {E3BDEBD5-CED8-429E-A74F-388960D00FD6}
	EndGlobalSection
EndGlobal
